
Microsoft Visual Studio Solution File, Format Version 12.00
# Visual Studio Version 16
VisualStudioVersion = 16.0.29609.76
MinimumVisualStudioVersion = 10.0.40219.1
Project("{FAE04EC0-301F-11D3-BF4B-00C04F79EFBC}") = "HealthCheck", "HealthCheck\HealthCheck.csproj", "{8E6E61F9-F75C-4C17-A0D9-7FEF1B67CC13}"
EndProject
Global
	GlobalSection(SolutionConfigurationPlatforms) = preSolution
		Debug|Any CPU = Debug|Any CPU
		Release|Any CPU = Release|Any CPU
	EndGlobalSection
	GlobalSection(ProjectConfigurationPlatforms) = postSolution
		{8E6E61F9-F75C-4C17-A0D9-7FEF1B67CC13}.Debug|Any CPU.ActiveCfg = Debug|Any CPU
		{8E6E61F9-F75C-4C17-A0D9-7FEF1B67CC13}.Debug|Any CPU.Build.0 = Debug|Any CPU
		{8E6E61F9-F75C-4C17-A0D9-7FEF1B67CC13}.Release|Any CPU.ActiveCfg = Release|Any CPU
		{8E6E61F9-F75C-4C17-A0D9-7FEF1B67CC13}.Release|Any CPU.Build.0 = Release|Any CPU
	EndGlobalSection
	GlobalSection(SolutionProperties) = preSolution
		HideSolutionNode = FALSE
	EndGlobalSection
	GlobalSection(ExtensibilityGlobals) = postSolution
		SolutionGuid = {0184425D-612B-4FDE-82E8-FCF6D49E6369}
	EndGlobalSection
EndGlobal
